
Microsoft Visual Studio Solution File, Format Version 12.00
# Visual Studio Version 17
VisualStudioVersion = 17.14.36623.8 d17.14
MinimumVisualStudioVersion = 10.0.40219.1
Project("{FAE04EC0-301F-11D3-BF4B-00C04F79EFBC}") = "kriupp2", "kriupp2\kriupp2.csproj", "{FE000B38-D016-44D4-AF50-69FF25668150}"
EndProject
Global
	GlobalSection(SolutionConfigurationPlatforms) = preSolution
		Debug|Any CPU = Debug|Any CPU
		Release|Any CPU = Release|Any CPU
	EndGlobalSection
	GlobalSection(ProjectConfigurationPlatforms) = postSolution
		{FE000B38-D016-44D4-AF50-69FF25668150}.Debug|Any CPU.ActiveCfg = Debug|Any CPU
		{FE000B38-D016-44D4-AF50-69FF25668150}.Debug|Any CPU.Build.0 = Debug|Any CPU
		{FE000B38-D016-44D4-AF50-69FF25668150}.Release|Any CPU.ActiveCfg = Release|Any CPU
		{FE000B38-D016-44D4-AF50-69FF25668150}.Release|Any CPU.Build.0 = Release|Any CPU
	EndGlobalSection
	GlobalSection(SolutionProperties) = preSolution
		HideSolutionNode = FALSE
	EndGlobalSection
	GlobalSection(ExtensibilityGlobals) = postSolution
		SolutionGuid = {EF553E4A-72B8-4659-BE41-4AB7F5663597}
	EndGlobalSection
EndGlobal
